// !$*UTF8*$!
{
	archiveVersion = 1;
	classes = {
	};
	objectVersion = 56;
	objects = {

/* Begin PBXBuildFile section */
		A10001 /* ClipStashApp.swift in Sources */ = {isa = PBXBuildFile; fileRef = A20001 /* ClipStashApp.swift */; };
		A10002 /* MenuBarView.swift in Sources */ = {isa = PBXBuildFile; fileRef = A20002 /* MenuBarView.swift */; };
		A10003 /* ClipItemRow.swift in Sources */ = {isa = PBXBuildFile; fileRef = A20003 /* ClipItemRow.swift */; };
		A10004 /* ClipItem.swift in Sources */ = {isa = PBXBuildFile; fileRef = A20004 /* ClipItem.swift */; };
		A10005 /* ClipboardManager.swift in Sources */ = {isa = PBXBuildFile; fileRef = A20005 /* ClipboardManager.swift */; };
		A10006 /* HotkeyManager.swift in Sources */ = {isa = PBXBuildFile; fileRef = A20006 /* HotkeyManager.swift */; };
		A10007 /* PanelManager.swift in Sources */ = {isa = PBXBuildFile; fileRef = A20007 /* PanelManager.swift */; };
		A10008 /* Assets.xcassets in Resources */ = {isa = PBXBuildFile; fileRef = A20008 /* Assets.xcassets */; };
		A10009 /* Task.swift in Sources */ = {isa = PBXBuildFile; fileRef = A20011 /* Task.swift */; };
		A10010 /* TaskManager.swift in Sources */ = {isa = PBXBuildFile; fileRef = A20012 /* TaskManager.swift */; };
		A10011 /* TaskModeView.swift in Sources */ = {isa = PBXBuildFile; fileRef = A20013 /* TaskModeView.swift */; };
		A10012 /* WindowManager.swift in Sources */ = {isa = PBXBuildFile; fileRef = A20014 /* WindowManager.swift */; };
		A10013 /* SettingsView.swift in Sources */ = {isa = PBXBuildFile; fileRef = A20015 /* SettingsView.swift */; };
		A10014 /* OCRManager.swift in Sources */ = {isa = PBXBuildFile; fileRef = A20016 /* OCRManager.swift */; };
		T10001 /* ClipItemTests.swift in Sources */ = {isa = PBXBuildFile; fileRef = T20001 /* ClipItemTests.swift */; };
		T10002 /* ContentSourceTests.swift in Sources */ = {isa = PBXBuildFile; fileRef = T20002 /* ContentSourceTests.swift */; };
		T10003 /* ClipTaskTests.swift in Sources */ = {isa = PBXBuildFile; fileRef = T20003 /* ClipTaskTests.swift */; };
		T10004 /* ClipboardManagerTests.swift in Sources */ = {isa = PBXBuildFile; fileRef = T20004 /* ClipboardManagerTests.swift */; };
		T10005 /* TaskManagerTests.swift in Sources */ = {isa = PBXBuildFile; fileRef = T20005 /* TaskManagerTests.swift */; };
/* End PBXBuildFile section */

/* Begin PBXContainerItemProxy section */
		T30001 /* PBXContainerItemProxy */ = {
			isa = PBXContainerItemProxy;
			containerPortal = B00001 /* Project object */;
			proxyType = 1;
			remoteGlobalIDString = A60001;
			remoteInfo = ClipStash;
		};
/* End PBXContainerItemProxy section */

/* Begin PBXFileReference section */
		A20001 /* ClipStashApp.swift */ = {isa = PBXFileReference; lastKnownFileType = sourcecode.swift; path = ClipStashApp.swift; sourceTree = "<group>"; };
		A20002 /* MenuBarView.swift */ = {isa = PBXFileReference; lastKnownFileType = sourcecode.swift; path = MenuBarView.swift; sourceTree = "<group>"; };
		A20003 /* ClipItemRow.swift */ = {isa = PBXFileReference; lastKnownFileType = sourcecode.swift; path = ClipItemRow.swift; sourceTree = "<group>"; };
		A20004 /* ClipItem.swift */ = {isa = PBXFileReference; lastKnownFileType = sourcecode.swift; path = ClipItem.swift; sourceTree = "<group>"; };
		A20005 /* ClipboardManager.swift */ = {isa = PBXFileReference; lastKnownFileType = sourcecode.swift; path = ClipboardManager.swift; sourceTree = "<group>"; };
		A20006 /* HotkeyManager.swift */ = {isa = PBXFileReference; lastKnownFileType = sourcecode.swift; path = HotkeyManager.swift; sourceTree = "<group>"; };
		A20007 /* PanelManager.swift */ = {isa = PBXFileReference; lastKnownFileType = sourcecode.swift; path = PanelManager.swift; sourceTree = "<group>"; };
		A20008 /* Assets.xcassets */ = {isa = PBXFileReference; lastKnownFileType = folder.assetcatalog; path = Assets.xcassets; sourceTree = "<group>"; };
		A20009 /* Info.plist */ = {isa = PBXFileReference; lastKnownFileType = text.plist.xml; path = Info.plist; sourceTree = "<group>"; };
		A20010 /* ClipStash.entitlements */ = {isa = PBXFileReference; lastKnownFileType = text.plist.entitlements; path = ClipStash.entitlements; sourceTree = "<group>"; };
		A20011 /* Task.swift */ = {isa = PBXFileReference; lastKnownFileType = sourcecode.swift; path = Task.swift; sourceTree = "<group>"; };
		A20012 /* TaskManager.swift */ = {isa = PBXFileReference; lastKnownFileType = sourcecode.swift; path = TaskManager.swift; sourceTree = "<group>"; };
		A20013 /* TaskModeView.swift */ = {isa = PBXFileReference; lastKnownFileType = sourcecode.swift; path = TaskModeView.swift; sourceTree = "<group>"; };
		A20014 /* WindowManager.swift */ = {isa = PBXFileReference; lastKnownFileType = sourcecode.swift; path = WindowManager.swift; sourceTree = "<group>"; };
		A20015 /* SettingsView.swift */ = {isa = PBXFileReference; lastKnownFileType = sourcecode.swift; path = SettingsView.swift; sourceTree = "<group>"; };
		A20016 /* OCRManager.swift */ = {isa = PBXFileReference; lastKnownFileType = sourcecode.swift; path = OCRManager.swift; sourceTree = "<group>"; };
		A30001 /* ClipStash.app */ = {isa = PBXFileReference; explicitFileType = wrapper.application; includeInIndex = 0; path = ClipStash.app; sourceTree = BUILT_PRODUCTS_DIR; };
		T20001 /* ClipItemTests.swift */ = {isa = PBXFileReference; lastKnownFileType = sourcecode.swift; path = ClipItemTests.swift; sourceTree = "<group>"; };
		T20002 /* ContentSourceTests.swift */ = {isa = PBXFileReference; lastKnownFileType = sourcecode.swift; path = ContentSourceTests.swift; sourceTree = "<group>"; };
		T20003 /* ClipTaskTests.swift */ = {isa = PBXFileReference; lastKnownFileType = sourcecode.swift; path = ClipTaskTests.swift; sourceTree = "<group>"; };
		T20004 /* ClipboardManagerTests.swift */ = {isa = PBXFileReference; lastKnownFileType = sourcecode.swift; path = ClipboardManagerTests.swift; sourceTree = "<group>"; };
		T20005 /* TaskManagerTests.swift */ = {isa = PBXFileReference; lastKnownFileType = sourcecode.swift; path = TaskManagerTests.swift; sourceTree = "<group>"; };
		T30002 /* ClipStashTests.xctest */ = {isa = PBXFileReference; explicitFileType = wrapper.cfbundle; includeInIndex = 0; path = ClipStashTests.xctest; sourceTree = BUILT_PRODUCTS_DIR; };
/* End PBXFileReference section */

/* Begin PBXFrameworksBuildPhase section */
		A40001 /* Frameworks */ = {
			isa = PBXFrameworksBuildPhase;
			buildActionMask = 2147483647;
			files = (
			);
			runOnlyForDeploymentPostprocessing = 0;
		};
		T40001 /* Frameworks */ = {
			isa = PBXFrameworksBuildPhase;
			buildActionMask = 2147483647;
			files = (
			);
			runOnlyForDeploymentPostprocessing = 0;
		};
/* End PBXFrameworksBuildPhase section */

/* Begin PBXGroup section */
		A50001 = {
			isa = PBXGroup;
			children = (
				A50002 /* ClipStash */,
				T50001 /* ClipStashTests */,
				A50003 /* Products */,
			);
			sourceTree = "<group>";
		};
		A50002 /* ClipStash */ = {
			isa = PBXGroup;
			children = (
				A20001 /* ClipStashApp.swift */,
				A50004 /* Views */,
				A50005 /* ViewModels */,
				A50006 /* Models */,
				A50007 /* Managers */,
				A20008 /* Assets.xcassets */,
				A20009 /* Info.plist */,
				A20010 /* ClipStash.entitlements */,
			);
			path = ClipStash;
			sourceTree = "<group>";
		};
		A50003 /* Products */ = {
			isa = PBXGroup;
			children = (
				A30001 /* ClipStash.app */,
				T30002 /* ClipStashTests.xctest */,
			);
			name = Products;
			sourceTree = "<group>";
		};
		A50004 /* Views */ = {
			isa = PBXGroup;
			children = (
				A20002 /* MenuBarView.swift */,
				A20003 /* ClipItemRow.swift */,
				A20013 /* TaskModeView.swift */,
				A20015 /* SettingsView.swift */,
			);
			path = Views;
			sourceTree = "<group>";
		};
		A50005 /* ViewModels */ = {
			isa = PBXGroup;
			children = (
				A20005 /* ClipboardManager.swift */,
				A20012 /* TaskManager.swift */,
			);
			path = ViewModels;
			sourceTree = "<group>";
		};
		A50006 /* Models */ = {
			isa = PBXGroup;
			children = (
				A20004 /* ClipItem.swift */,
				A20011 /* Task.swift */,
			);
			path = Models;
			sourceTree = "<group>";
		};
		A50007 /* Managers */ = {
			isa = PBXGroup;
			children = (
				A20006 /* HotkeyManager.swift */,
				A20007 /* PanelManager.swift */,
				A20014 /* WindowManager.swift */,
				A20016 /* OCRManager.swift */,
			);
			path = Managers;
			sourceTree = "<group>";
		};
		T50001 /* ClipStashTests */ = {
			isa = PBXGroup;
			children = (
				T20001 /* ClipItemTests.swift */,
				T20002 /* ContentSourceTests.swift */,
				T20003 /* ClipTaskTests.swift */,
				T20004 /* ClipboardManagerTests.swift */,
				T20005 /* TaskManagerTests.swift */,
			);
			path = ClipStashTests;
			sourceTree = "<group>";
		};
/* End PBXGroup section */

/* Begin PBXNativeTarget section */
		A60001 /* ClipStash */ = {
			isa = PBXNativeTarget;
			buildConfigurationList = A70001 /* Build configuration list for PBXNativeTarget "ClipStash" */;
			buildPhases = (
				A80001 /* Sources */,
				A40001 /* Frameworks */,
				A90001 /* Resources */,
			);
			buildRules = (
			);
			dependencies = (
			);
			name = ClipStash;
			productName = ClipStash;
			productReference = A30001 /* ClipStash.app */;
			productType = "com.apple.product-type.application";
		};
		T60001 /* ClipStashTests */ = {
			isa = PBXNativeTarget;
			buildConfigurationList = T70001 /* Build configuration list for PBXNativeTarget "ClipStashTests" */;
			buildPhases = (
				T80001 /* Sources */,
				T40001 /* Frameworks */,
			);
			buildRules = (
			);
			dependencies = (
				T30003 /* PBXTargetDependency */,
			);
			name = ClipStashTests;
			productName = ClipStashTests;
			productReference = T30002 /* ClipStashTests.xctest */;
			productType = "com.apple.product-type.bundle.unit-test";
		};
/* End PBXNativeTarget section */

/* Begin PBXProject section */
		B00001 /* Project object */ = {
			isa = PBXProject;
			attributes = {
				BuildIndependentTargetsInParallel = 1;
				LastSwiftUpdateCheck = 1500;
				LastUpgradeCheck = 1500;
				TargetAttributes = {
					A60001 = {
						CreatedOnToolsVersion = 15.0;
					};
					T60001 = {
						CreatedOnToolsVersion = 15.0;
						TestTargetID = A60001;
					};
				};
			};
			buildConfigurationList = B10001 /* Build configuration list for PBXProject "ClipStash" */;
			compatibilityVersion = "Xcode 14.0";
			developmentRegion = en;
			hasScannedForEncodings = 0;
			knownRegions = (
				en,
				Base,
			);
			mainGroup = A50001;
			productRefGroup = A50003 /* Products */;
			projectDirPath = "";
			projectRoot = "";
			targets = (
				A60001 /* ClipStash */,
				T60001 /* ClipStashTests */,
			);
		};
/* End PBXProject section */

/* Begin PBXResourcesBuildPhase section */
		A90001 /* Resources */ = {
			isa = PBXResourcesBuildPhase;
			buildActionMask = 2147483647;
			files = (
				A10008 /* Assets.xcassets in Resources */,
			);
			runOnlyForDeploymentPostprocessing = 0;
		};
/* End PBXResourcesBuildPhase section */

/* Begin PBXSourcesBuildPhase section */
		A80001 /* Sources */ = {
			isa = PBXSourcesBuildPhase;
			buildActionMask = 2147483647;
			files = (
				A10001 /* ClipStashApp.swift in Sources */,
				A10002 /* MenuBarView.swift in Sources */,
				A10003 /* ClipItemRow.swift in Sources */,
				A10004 /* ClipItem.swift in Sources */,
				A10005 /* ClipboardManager.swift in Sources */,
				A10006 /* HotkeyManager.swift in Sources */,
				A10007 /* PanelManager.swift in Sources */,
				A10009 /* Task.swift in Sources */,
				A10010 /* TaskManager.swift in Sources */,
				A10011 /* TaskModeView.swift in Sources */,
				A10012 /* WindowManager.swift in Sources */,
				A10013 /* SettingsView.swift in Sources */,
				A10014 /* OCRManager.swift in Sources */,
			);
			runOnlyForDeploymentPostprocessing = 0;
		};
		T80001 /* Sources */ = {
			isa = PBXSourcesBuildPhase;
			buildActionMask = 2147483647;
			files = (
				T10001 /* ClipItemTests.swift in Sources */,
				T10002 /* ContentSourceTests.swift in Sources */,
				T10003 /* ClipTaskTests.swift in Sources */,
				T10004 /* ClipboardManagerTests.swift in Sources */,
				T10005 /* TaskManagerTests.swift in Sources */,
			);
			runOnlyForDeploymentPostprocessing = 0;
		};
/* End PBXSourcesBuildPhase section */

/* Begin PBXTargetDependency section */
		T30003 /* PBXTargetDependency */ = {
			isa = PBXTargetDependency;
			target = A60001 /* ClipStash */;
			targetProxy = T30001 /* PBXContainerItemProxy */;
		};
/* End PBXTargetDependency section */

/* Begin XCBuildConfiguration section */
		C10001 /* Debug */ = {
			isa = XCBuildConfiguration;
			buildSettings = {
				ALWAYS_SEARCH_USER_PATHS = NO;
				ASSETCATALOG_COMPILER_GENERATE_SWIFT_ASSET_SYMBOL_EXTENSIONS = YES;
				CLANG_ANALYZER_NONNULL = YES;
				CLANG_ANALYZER_NUMBER_OBJECT_CONVERSION = YES_AGGRESSIVE;
				CLANG_CXX_LANGUAGE_STANDARD = "gnu++20";
				CLANG_ENABLE_MODULES = YES;
				CLANG_ENABLE_OBJC_ARC = YES;
				CLANG_ENABLE_OBJC_WEAK = YES;
				CLANG_WARN_BLOCK_CAPTURE_AUTORELEASING = YES;
				CLANG_WARN_BOOL_CONVERSION = YES;
				CLANG_WARN_COMMA = YES;
				CLANG_WARN_CONSTANT_CONVERSION = YES;
				CLANG_WARN_DEPRECATED_OBJC_IMPLEMENTATIONS = YES;
				CLANG_WARN_DIRECT_OBJC_ISA_USAGE = YES_ERROR;
				CLANG_WARN_DOCUMENTATION_COMMENTS = YES;
				CLANG_WARN_EMPTY_BODY = YES;
				CLANG_WARN_ENUM_CONVERSION = YES;
				CLANG_WARN_INFINITE_RECURSION = YES;
				CLANG_WARN_INT_CONVERSION = YES;
				CLANG_WARN_NON_LITERAL_NULL_CONVERSION = YES;
				CLANG_WARN_OBJC_IMPLICIT_RETAIN_SELF = YES;
				CLANG_WARN_OBJC_LITERAL_CONVERSION = YES;
				CLANG_WARN_OBJC_ROOT_CLASS = YES_ERROR;
				CLANG_WARN_QUOTED_INCLUDE_IN_FRAMEWORK_HEADER = YES;
				CLANG_WARN_RANGE_LOOP_ANALYSIS = YES;
				CLANG_WARN_STRICT_PROTOTYPES = YES;
				CLANG_WARN_SUSPICIOUS_MOVE = YES;
				CLANG_WARN_UNGUARDED_AVAILABILITY = YES_AGGRESSIVE;
				CLANG_WARN_UNREACHABLE_CODE = YES;
				CLANG_WARN__DUPLICATE_METHOD_MATCH = YES;
				COPY_PHASE_STRIP = NO;
				DEBUG_INFORMATION_FORMAT = dwarf;
				ENABLE_STRICT_OBJC_MSGSEND = YES;
				ENABLE_TESTABILITY = YES;
				ENABLE_USER_SCRIPT_SANDBOXING = YES;
				GCC_C_LANGUAGE_STANDARD = gnu17;
				GCC_DYNAMIC_NO_PIC = NO;
				GCC_NO_COMMON_BLOCKS = YES;
				GCC_OPTIMIZATION_LEVEL = 0;
				GCC_PREPROCESSOR_DEFINITIONS = (
					"DEBUG=1",
					"$(inherited)",
				);
				GCC_WARN_64_TO_32_BIT_CONVERSION = YES;
				GCC_WARN_ABOUT_RETURN_TYPE = YES_ERROR;
				GCC_WARN_UNDECLARED_SELECTOR = YES;
				GCC_WARN_UNINITIALIZED_AUTOS = YES_AGGRESSIVE;
				GCC_WARN_UNUSED_FUNCTION = YES;
				GCC_WARN_UNUSED_VARIABLE = YES;
				LOCALIZATION_PREFERS_STRING_CATALOGS = YES;
				MACOSX_DEPLOYMENT_TARGET = 14.0;
				MTL_ENABLE_DEBUG_INFO = INCLUDE_SOURCE;
				MTL_FAST_MATH = YES;
				ONLY_ACTIVE_ARCH = YES;
				SDKROOT = macosx;
				SWIFT_ACTIVE_COMPILATION_CONDITIONS = "DEBUG $(inherited)";
				SWIFT_OPTIMIZATION_LEVEL = "-Onone";
				SWIFT_VERSION = 6.0;
			};
			name = Debug;
		};
		C10002 /* Release */ = {
			isa = XCBuildConfiguration;
			buildSettings = {
				ALWAYS_SEARCH_USER_PATHS = NO;
				ASSETCATALOG_COMPILER_GENERATE_SWIFT_ASSET_SYMBOL_EXTENSIONS = YES;
				CLANG_ANALYZER_NONNULL = YES;
				CLANG_ANALYZER_NUMBER_OBJECT_CONVERSION = YES_AGGRESSIVE;
				CLANG_CXX_LANGUAGE_STANDARD = "gnu++20";
				CLANG_ENABLE_MODULES = YES;
				CLANG_ENABLE_OBJC_ARC = YES;
				CLANG_ENABLE_OBJC_WEAK = YES;
				CLANG_WARN_BLOCK_CAPTURE_AUTORELEASING = YES;
				CLANG_WARN_BOOL_CONVERSION = YES;
				CLANG_WARN_COMMA = YES;
				CLANG_WARN_CONSTANT_CONVERSION = YES;
				CLANG_WARN_DEPRECATED_OBJC_IMPLEMENTATIONS = YES;
				CLANG_WARN_DIRECT_OBJC_ISA_USAGE = YES_ERROR;
				CLANG_WARN_DOCUMENTATION_COMMENTS = YES;
				CLANG_WARN_EMPTY_BODY = YES;
				CLANG_WARN_ENUM_CONVERSION = YES;
				CLANG_WARN_INFINITE_RECURSION = YES;
				CLANG_WARN_INT_CONVERSION = YES;
				CLANG_WARN_NON_LITERAL_NULL_CONVERSION = YES;
				CLANG_WARN_OBJC_IMPLICIT_RETAIN_SELF = YES;
				CLANG_WARN_OBJC_LITERAL_CONVERSION = YES;
				CLANG_WARN_OBJC_ROOT_CLASS = YES_ERROR;
				CLANG_WARN_QUOTED_INCLUDE_IN_FRAMEWORK_HEADER = YES;
				CLANG_WARN_RANGE_LOOP_ANALYSIS = YES;
				CLANG_WARN_STRICT_PROTOTYPES = YES;
				CLANG_WARN_SUSPICIOUS_MOVE = YES;
				CLANG_WARN_UNGUARDED_AVAILABILITY = YES_AGGRESSIVE;
				CLANG_WARN_UNREACHABLE_CODE = YES;
				CLANG_WARN__DUPLICATE_METHOD_MATCH = YES;
				COPY_PHASE_STRIP = NO;
				DEBUG_INFORMATION_FORMAT = "dwarf-with-dsym";
				ENABLE_NS_ASSERTIONS = NO;
				ENABLE_STRICT_OBJC_MSGSEND = YES;
				ENABLE_USER_SCRIPT_SANDBOXING = YES;
				GCC_C_LANGUAGE_STANDARD = gnu17;
				GCC_NO_COMMON_BLOCKS = YES;
				GCC_WARN_64_TO_32_BIT_CONVERSION = YES;
				GCC_WARN_ABOUT_RETURN_TYPE = YES_ERROR;
				GCC_WARN_UNDECLARED_SELECTOR = YES;
				GCC_WARN_UNINITIALIZED_AUTOS = YES_AGGRESSIVE;
				GCC_WARN_UNUSED_FUNCTION = YES;
				GCC_WARN_UNUSED_VARIABLE = YES;
				LOCALIZATION_PREFERS_STRING_CATALOGS = YES;
				MACOSX_DEPLOYMENT_TARGET = 14.0;
				MTL_ENABLE_DEBUG_INFO = NO;
				MTL_FAST_MATH = YES;
				SDKROOT = macosx;
				SWIFT_COMPILATION_MODE = wholemodule;
				SWIFT_VERSION = 6.0;
			};
			name = Release;
		};
		C20001 /* Debug */ = {
			isa = XCBuildConfiguration;
			buildSettings = {
				ASSETCATALOG_COMPILER_APPICON_NAME = AppIcon;
				ASSETCATALOG_COMPILER_GLOBAL_ACCENT_COLOR_NAME = AccentColor;
				CODE_SIGN_ENTITLEMENTS = ClipStash/ClipStash.entitlements;
				CODE_SIGN_STYLE = Automatic;
				COMBINE_HIDPI_IMAGES = YES;
				CURRENT_PROJECT_VERSION = 1;
				DEVELOPMENT_ASSET_PATHS = "";
				ENABLE_HARDENED_RUNTIME = YES;
				ENABLE_PREVIEWS = YES;
				GENERATE_INFOPLIST_FILE = YES;
				INFOPLIST_FILE = ClipStash/Info.plist;
				INFOPLIST_KEY_LSApplicationCategoryType = "public.app-category.utilities";
				INFOPLIST_KEY_NSHumanReadableCopyright = "";
				LD_RUNPATH_SEARCH_PATHS = (
					"$(inherited)",
					"@executable_path/../Frameworks",
				);
				MARKETING_VERSION = 1.0;
				PRODUCT_BUNDLE_IDENTIFIER = com.clipstash.app;
				PRODUCT_NAME = "$(TARGET_NAME)";
				SWIFT_EMIT_LOC_STRINGS = YES;
				SWIFT_STRICT_CONCURRENCY = complete;
				SWIFT_VERSION = 6.0;
			};
			name = Debug;
		};
		C20002 /* Release */ = {
			isa = XCBuildConfiguration;
			buildSettings = {
				ASSETCATALOG_COMPILER_APPICON_NAME = AppIcon;
				ASSETCATALOG_COMPILER_GLOBAL_ACCENT_COLOR_NAME = AccentColor;
				CODE_SIGN_ENTITLEMENTS = ClipStash/ClipStash.entitlements;
				CODE_SIGN_STYLE = Automatic;
				COMBINE_HIDPI_IMAGES = YES;
				CURRENT_PROJECT_VERSION = 1;
				DEVELOPMENT_ASSET_PATHS = "";
				ENABLE_HARDENED_RUNTIME = YES;
				ENABLE_PREVIEWS = YES;
				GENERATE_INFOPLIST_FILE = YES;
				INFOPLIST_FILE = ClipStash/Info.plist;
				INFOPLIST_KEY_LSApplicationCategoryType = "public.app-category.utilities";
				INFOPLIST_KEY_NSHumanReadableCopyright = "";
				LD_RUNPATH_SEARCH_PATHS = (
					"$(inherited)",
					"@executable_path/../Frameworks",
				);
				MARKETING_VERSION = 1.0;
				PRODUCT_BUNDLE_IDENTIFIER = com.clipstash.app;
				PRODUCT_NAME = "$(TARGET_NAME)";
				SWIFT_EMIT_LOC_STRINGS = YES;
				SWIFT_STRICT_CONCURRENCY = complete;
				SWIFT_VERSION = 6.0;
			};
			name = Release;
		};
		TC0001 /* Debug */ = {
			isa = XCBuildConfiguration;
			buildSettings = {
				BUNDLE_LOADER = "$(TEST_HOST)";
				CODE_SIGN_STYLE = Automatic;
				CURRENT_PROJECT_VERSION = 1;
				GENERATE_INFOPLIST_FILE = YES;
				MACOSX_DEPLOYMENT_TARGET = 14.0;
				MARKETING_VERSION = 1.0;
				PRODUCT_BUNDLE_IDENTIFIER = com.clipstash.app.tests;
				PRODUCT_NAME = "$(TARGET_NAME)";
				SWIFT_EMIT_LOC_STRINGS = NO;
				SWIFT_STRICT_CONCURRENCY = complete;
				SWIFT_VERSION = 6.0;
				TEST_HOST = "$(BUILT_PRODUCTS_DIR)/ClipStash.app/Contents/MacOS/ClipStash";
			};
			name = Debug;
		};
		TC0002 /* Release */ = {
			isa = XCBuildConfiguration;
			buildSettings = {
				BUNDLE_LOADER = "$(TEST_HOST)";
				CODE_SIGN_STYLE = Automatic;
				CURRENT_PROJECT_VERSION = 1;
				GENERATE_INFOPLIST_FILE = YES;
				MACOSX_DEPLOYMENT_TARGET = 14.0;
				MARKETING_VERSION = 1.0;
				PRODUCT_BUNDLE_IDENTIFIER = com.clipstash.app.tests;
				PRODUCT_NAME = "$(TARGET_NAME)";
				SWIFT_EMIT_LOC_STRINGS = NO;
				SWIFT_STRICT_CONCURRENCY = complete;
				SWIFT_VERSION = 6.0;
				TEST_HOST = "$(BUILT_PRODUCTS_DIR)/ClipStash.app/Contents/MacOS/ClipStash";
			};
			name = Release;
		};
/* End XCBuildConfiguration section */

/* Begin XCConfigurationList section */
		B10001 /* Build configuration list for PBXProject "ClipStash" */ = {
			isa = XCConfigurationList;
			buildConfigurations = (
				C10001 /* Debug */,
				C10002 /* Release */,
			);
			defaultConfigurationIsVisible = 0;
			defaultConfigurationName = Release;
		};
		A70001 /* Build configuration list for PBXNativeTarget "ClipStash" */ = {
			isa = XCConfigurationList;
			buildConfigurations = (
				C20001 /* Debug */,
				C20002 /* Release */,
			);
			defaultConfigurationIsVisible = 0;
			defaultConfigurationName = Release;
		};
		T70001 /* Build configuration list for PBXNativeTarget "ClipStashTests" */ = {
			isa = XCConfigurationList;
			buildConfigurations = (
				TC0001 /* Debug */,
				TC0002 /* Release */,
			);
			defaultConfigurationIsVisible = 0;
			defaultConfigurationName = Release;
		};
/* End XCConfigurationList section */
	};
	rootObject = B00001 /* Project object */;
}
